// !$*UTF8*$!
{
	archiveVersion = 1;
	classes = {
	};
	objectVersion = 46;
	objects = {

/* Begin PBXBuildFile section */
		4604157718E8F6F8004BEE3E /* Ton.m in Sources */ = {isa = PBXBuildFile; fileRef = 4604157618E8F6F8004BEE3E /* Ton.m */; };
		4604157C18E8F70A004BEE3E /* ListViewController.m in Sources */ = {isa = PBXBuildFile; fileRef = 4604157918E8F70A004BEE3E /* ListViewController.m */; };
		4604157D18E8F70A004BEE3E /* LoginViewController.m in Sources */ = {isa = PBXBuildFile; fileRef = 4604157B18E8F70A004BEE3E /* LoginViewController.m */; };
		4630394118E902410068D008 /* logo.png in Resources */ = {isa = PBXBuildFile; fileRef = 4630393818E902410068D008 /* logo.png */; };
		4630394218E902410068D008 /* more.png in Resources */ = {isa = PBXBuildFile; fileRef = 4630393918E902410068D008 /* more.png */; };
		4630394318E902410068D008 /* 学习记录.png in Resources */ = {isa = PBXBuildFile; fileRef = 4630393A18E902410068D008 /* 学习记录.png */; };
		4630394418E902410068D008 /* 播放按钮.png in Resources */ = {isa = PBXBuildFile; fileRef = 4630393B18E902410068D008 /* 播放按钮.png */; };
		4630394518E902410068D008 /* 播放按钮按下.png in Resources */ = {isa = PBXBuildFile; fileRef = 4630393C18E902410068D008 /* 播放按钮按下.png */; };
		4630394618E902410068D008 /* 登录按钮.png in Resources */ = {isa = PBXBuildFile; fileRef = 4630393D18E902410068D008 /* 登录按钮.png */; };
		4630394718E902410068D008 /* 登录按钮按下.png in Resources */ = {isa = PBXBuildFile; fileRef = 4630393E18E902410068D008 /* 登录按钮按下.png */; };
		4630394818E902410068D008 /* 课程图片.png in Resources */ = {isa = PBXBuildFile; fileRef = 4630393F18E902410068D008 /* 课程图片.png */; };
		4630394918E902410068D008 /* 返回.png in Resources */ = {isa = PBXBuildFile; fileRef = 4630394018E902410068D008 /* 返回.png */; };
		4630394C18E9188F0068D008 /* DetailsViewController.m in Sources */ = {isa = PBXBuildFile; fileRef = 4630394B18E9188E0068D008 /* DetailsViewController.m */; };
		4630396C18E91E300068D008 /* ASIAuthenticationDialog.m in Sources */ = {isa = PBXBuildFile; fileRef = 4630395518E91E300068D008 /* ASIAuthenticationDialog.m */; settings = {COMPILER_FLAGS = "-fno-objc-arc"; }; };
		4630396D18E91E300068D008 /* ASIDataCompressor.m in Sources */ = {isa = PBXBuildFile; fileRef = 4630395818E91E300068D008 /* ASIDataCompressor.m */; settings = {COMPILER_FLAGS = "-fno-objc-arc"; }; };
		4630396E18E91E300068D008 /* ASIDataDecompressor.m in Sources */ = {isa = PBXBuildFile; fileRef = 4630395A18E91E300068D008 /* ASIDataDecompressor.m */; settings = {COMPILER_FLAGS = "-fno-objc-arc"; }; };
		4630396F18E91E300068D008 /* ASIDownloadCache.m in Sources */ = {isa = PBXBuildFile; fileRef = 4630395C18E91E300068D008 /* ASIDownloadCache.m */; settings = {COMPILER_FLAGS = "-fno-objc-arc"; }; };
		4630397018E91E300068D008 /* ASIFormDataRequest.m in Sources */ = {isa = PBXBuildFile; fileRef = 4630395E18E91E300068D008 /* ASIFormDataRequest.m */; settings = {COMPILER_FLAGS = "-fno-objc-arc"; }; };
		4630397118E91E300068D008 /* ASIHTTPRequest.m in Sources */ = {isa = PBXBuildFile; fileRef = 4630396018E91E300068D008 /* ASIHTTPRequest.m */; settings = {COMPILER_FLAGS = "-fno-objc-arc"; }; };
		4630397218E91E300068D008 /* ASIInputStream.m in Sources */ = {isa = PBXBuildFile; fileRef = 4630396418E91E300068D008 /* ASIInputStream.m */; settings = {COMPILER_FLAGS = "-fno-objc-arc"; }; };
		4630397318E91E300068D008 /* ASINetworkQueue.m in Sources */ = {isa = PBXBuildFile; fileRef = 4630396618E91E300068D008 /* ASINetworkQueue.m */; settings = {COMPILER_FLAGS = "-fno-objc-arc"; }; };
		4630397418E91E300068D008 /* Reachability.m in Sources */ = {isa = PBXBuildFile; fileRef = 4630396B18E91E300068D008 /* Reachability.m */; settings = {COMPILER_FLAGS = "-fno-objc-arc"; }; };
		4630397618E91E730068D008 /* CFNetwork.framework in Frameworks */ = {isa = PBXBuildFile; fileRef = 4630397518E91E730068D008 /* CFNetwork.framework */; };
		4630397818E91E800068D008 /* SystemConfiguration.framework in Frameworks */ = {isa = PBXBuildFile; fileRef = 4630397718E91E7F0068D008 /* SystemConfiguration.framework */; };
		4630397A18E91E8A0068D008 /* MobileCoreServices.framework in Frameworks */ = {isa = PBXBuildFile; fileRef = 4630397918E91E8A0068D008 /* MobileCoreServices.framework */; };
		4630397C18E91E970068D008 /* libz.1.2.5.dylib in Frameworks */ = {isa = PBXBuildFile; fileRef = 4630397B18E91E970068D008 /* libz.1.2.5.dylib */; };
		4630397F18E936D90068D008 /* JSONKit.m in Sources */ = {isa = PBXBuildFile; fileRef = 4630397E18E936D90068D008 /* JSONKit.m */; settings = {COMPILER_FLAGS = "-fno-objc-arc"; }; };
		4630398118E93FFC0068D008 /* course_build.xml in Resources */ = {isa = PBXBuildFile; fileRef = 4630398018E93FFC0068D008 /* course_build.xml */; };
		4630398618E966DF0068D008 /* RecordCell.m in Sources */ = {isa = PBXBuildFile; fileRef = 4630398318E966DF0068D008 /* RecordCell.m */; };
		4630398718E966DF0068D008 /* SectionCell.m in Sources */ = {isa = PBXBuildFile; fileRef = 4630398518E966DF0068D008 /* SectionCell.m */; };
		4630398B18E966F50068D008 /* mLearning144.png in Resources */ = {isa = PBXBuildFile; fileRef = 4630398818E966F50068D008 /* mLearning144.png */; };
		4630398C18E966F50068D008 /* mLearning图标58.png in Resources */ = {isa = PBXBuildFile; fileRef = 4630398918E966F50068D008 /* mLearning图标58.png */; };
		4630398D18E966F50068D008 /* mLearning图标120.png in Resources */ = {isa = PBXBuildFile; fileRef = 4630398A18E966F50068D008 /* mLearning图标120.png */; };
		4647B0F718E561E300D9EC8A /* Foundation.framework in Frameworks */ = {isa = PBXBuildFile; fileRef = 4647B0F618E561E300D9EC8A /* Foundation.framework */; };
		4647B0F918E561E300D9EC8A /* CoreGraphics.framework in Frameworks */ = {isa = PBXBuildFile; fileRef = 4647B0F818E561E300D9EC8A /* CoreGraphics.framework */; };
		4647B0FB18E561E300D9EC8A /* UIKit.framework in Frameworks */ = {isa = PBXBuildFile; fileRef = 4647B0FA18E561E300D9EC8A /* UIKit.framework */; };
		4647B10118E561E300D9EC8A /* InfoPlist.strings in Resources */ = {isa = PBXBuildFile; fileRef = 4647B0FF18E561E300D9EC8A /* InfoPlist.strings */; };
		4647B10318E561E300D9EC8A /* main.m in Sources */ = {isa = PBXBuildFile; fileRef = 4647B10218E561E300D9EC8A /* main.m */; };
		4647B10718E561E300D9EC8A /* AppDelegate.m in Sources */ = {isa = PBXBuildFile; fileRef = 4647B10618E561E300D9EC8A /* AppDelegate.m */; };
		4647B10918E561E300D9EC8A /* Images.xcassets in Resources */ = {isa = PBXBuildFile; fileRef = 4647B10818E561E300D9EC8A /* Images.xcassets */; };
		4647B11018E561E300D9EC8A /* XCTest.framework in Frameworks */ = {isa = PBXBuildFile; fileRef = 4647B10F18E561E300D9EC8A /* XCTest.framework */; };
		4647B11118E561E300D9EC8A /* Foundation.framework in Frameworks */ = {isa = PBXBuildFile; fileRef = 4647B0F618E561E300D9EC8A /* Foundation.framework */; };
		4647B11218E561E300D9EC8A /* UIKit.framework in Frameworks */ = {isa = PBXBuildFile; fileRef = 4647B0FA18E561E300D9EC8A /* UIKit.framework */; };
		4647B11A18E561E300D9EC8A /* InfoPlist.strings in Resources */ = {isa = PBXBuildFile; fileRef = 4647B11818E561E300D9EC8A /* InfoPlist.strings */; };
		4647B11C18E561E300D9EC8A /* mLearningTests.m in Sources */ = {isa = PBXBuildFile; fileRef = 4647B11B18E561E300D9EC8A /* mLearningTests.m */; };
		46517A2718E8F979000FCD7D /* SectionViewController.m in Sources */ = {isa = PBXBuildFile; fileRef = 46517A2618E8F979000FCD7D /* SectionViewController.m */; };
		46517A2A18E8F993000FCD7D /* LearningRecordViewController.m in Sources */ = {isa = PBXBuildFile; fileRef = 46517A2918E8F993000FCD7D /* LearningRecordViewController.m */; };
/* End PBXBuildFile section */

/* Begin PBXContainerItemProxy section */
		4647B11318E561E300D9EC8A /* PBXContainerItemProxy */ = {
			isa = PBXContainerItemProxy;
			containerPortal = 4647B0EB18E561E300D9EC8A /* Project object */;
			proxyType = 1;
			remoteGlobalIDString = 4647B0F218E561E300D9EC8A;
			remoteInfo = mLearning;
		};
/* End PBXContainerItemProxy section */

/* Begin PBXFileReference section */
		4604157518E8F6F8004BEE3E /* Ton.h */ = {isa = PBXFileReference; fileEncoding = 4; lastKnownFileType = sourcecode.c.h; name = Ton.h; path = allofmLearning/Ton.h; sourceTree = "<group>"; };
		4604157618E8F6F8004BEE3E /* Ton.m */ = {isa = PBXFileReference; fileEncoding = 4; lastKnownFileType = sourcecode.c.objc; name = Ton.m; path = allofmLearning/Ton.m; sourceTree = "<group>"; };
		4604157818E8F70A004BEE3E /* ListViewController.h */ = {isa = PBXFileReference; fileEncoding = 4; lastKnownFileType = sourcecode.c.h; name = ListViewController.h; path = allofmLearning/ListViewController.h; sourceTree = "<group>"; };
		4604157918E8F70A004BEE3E /* ListViewController.m */ = {isa = PBXFileReference; fileEncoding = 4; lastKnownFileType = sourcecode.c.objc; name = ListViewController.m; path = allofmLearning/ListViewController.m; sourceTree = "<group>"; };
		4604157A18E8F70A004BEE3E /* LoginViewController.h */ = {isa = PBXFileReference; fileEncoding = 4; lastKnownFileType = sourcecode.c.h; name = LoginViewController.h; path = allofmLearning/LoginViewController.h; sourceTree = "<group>"; };
		4604157B18E8F70A004BEE3E /* LoginViewController.m */ = {isa = PBXFileReference; fileEncoding = 4; lastKnownFileType = sourcecode.c.objc; name = LoginViewController.m; path = allofmLearning/LoginViewController.m; sourceTree = "<group>"; };
		4630393818E902410068D008 /* logo.png */ = {isa = PBXFileReference; lastKnownFileType = image.png; path = logo.png; sourceTree = "<group>"; };
		4630393918E902410068D008 /* more.png */ = {isa = PBXFileReference; lastKnownFileType = image.png; path = more.png; sourceTree = "<group>"; };
		4630393A18E902410068D008 /* 学习记录.png */ = {isa = PBXFileReference; lastKnownFileType = image.png; path = "学习记录.png"; sourceTree = "<group>"; };
		4630393B18E902410068D008 /* 播放按钮.png */ = {isa = PBXFileReference; lastKnownFileType = image.png; path = "播放按钮.png"; sourceTree = "<group>"; };
		4630393C18E902410068D008 /* 播放按钮按下.png */ = {isa = PBXFileReference; lastKnownFileType = image.png; path = "播放按钮按下.png"; sourceTree = "<group>"; };
		4630393D18E902410068D008 /* 登录按钮.png */ = {isa = PBXFileReference; lastKnownFileType = image.png; path = "登录按钮.png"; sourceTree = "<group>"; };
		4630393E18E902410068D008 /* 登录按钮按下.png */ = {isa = PBXFileReference; lastKnownFileType = image.png; path = "登录按钮按下.png"; sourceTree = "<group>"; };
		4630393F18E902410068D008 /* 课程图片.png */ = {isa = PBXFileReference; lastKnownFileType = image.png; path = "课程图片.png"; sourceTree = "<group>"; };
		4630394018E902410068D008 /* 返回.png */ = {isa = PBXFileReference; lastKnownFileType = image.png; path = "返回.png"; sourceTree = "<group>"; };
		4630394A18E9188E0068D008 /* DetailsViewController.h */ = {isa = PBXFileReference; fileEncoding = 4; lastKnownFileType = sourcecode.c.h; name = DetailsViewController.h; path = allofmLearning/DetailsViewController.h; sourceTree = "<group>"; };
		4630394B18E9188E0068D008 /* DetailsViewController.m */ = {isa = PBXFileReference; fileEncoding = 4; lastKnownFileType = sourcecode.c.objc; name = DetailsViewController.m; path = allofmLearning/DetailsViewController.m; sourceTree = "<group>"; };
		4630395418E91E300068D008 /* ASIAuthenticationDialog.h */ = {isa = PBXFileReference; fileEncoding = 4; lastKnownFileType = sourcecode.c.h; path = ASIAuthenticationDialog.h; sourceTree = "<group>"; };
		4630395518E91E300068D008 /* ASIAuthenticationDialog.m */ = {isa = PBXFileReference; fileEncoding = 4; lastKnownFileType = sourcecode.c.objc; path = ASIAuthenticationDialog.m; sourceTree = "<group>"; };
		4630395618E91E300068D008 /* ASICacheDelegate.h */ = {isa = PBXFileReference; fileEncoding = 4; lastKnownFileType = sourcecode.c.h; path = ASICacheDelegate.h; sourceTree = "<group>"; };
		4630395718E91E300068D008 /* ASIDataCompressor.h */ = {isa = PBXFileReference; fileEncoding = 4; lastKnownFileType = sourcecode.c.h; path = ASIDataCompressor.h; sourceTree = "<group>"; };
		4630395818E91E300068D008 /* ASIDataCompressor.m */ = {isa = PBXFileReference; fileEncoding = 4; lastKnownFileType = sourcecode.c.objc; path = ASIDataCompressor.m; sourceTree = "<group>"; };
		4630395918E91E300068D008 /* ASIDataDecompressor.h */ = {isa = PBXFileReference; fileEncoding = 4; lastKnownFileType = sourcecode.c.h; path = ASIDataDecompressor.h; sourceTree = "<group>"; };
		4630395A18E91E300068D008 /* ASIDataDecompressor.m */ = {isa = PBXFileReference; fileEncoding = 4; lastKnownFileType = sourcecode.c.objc; path = ASIDataDecompressor.m; sourceTree = "<group>"; };
		4630395B18E91E300068D008 /* ASIDownloadCache.h */ = {isa = PBXFileReference; fileEncoding = 4; lastKnownFileType = sourcecode.c.h; path = ASIDownloadCache.h; sourceTree = "<group>"; };
		4630395C18E91E300068D008 /* ASIDownloadCache.m */ = {isa = PBXFileReference; fileEncoding = 4; lastKnownFileType = sourcecode.c.objc; path = ASIDownloadCache.m; sourceTree = "<group>"; };
		4630395D18E91E300068D008 /* ASIFormDataRequest.h */ = {isa = PBXFileReference; fileEncoding = 4; lastKnownFileType = sourcecode.c.h; path = ASIFormDataRequest.h; sourceTree = "<group>"; };
		4630395E18E91E300068D008 /* ASIFormDataRequest.m */ = {isa = PBXFileReference; fileEncoding = 4; lastKnownFileType = sourcecode.c.objc; path = ASIFormDataRequest.m; sourceTree = "<group>"; };
		4630395F18E91E300068D008 /* ASIHTTPRequest.h */ = {isa = PBXFileReference; fileEncoding = 4; lastKnownFileType = sourcecode.c.h; path = ASIHTTPRequest.h; sourceTree = "<group>"; };
		4630396018E91E300068D008 /* ASIHTTPRequest.m */ = {isa = PBXFileReference; fileEncoding = 4; lastKnownFileType = sourcecode.c.objc; path = ASIHTTPRequest.m; sourceTree = "<group>"; };
		4630396118E91E300068D008 /* ASIHTTPRequestConfig.h */ = {isa = PBXFileReference; fileEncoding = 4; lastKnownFileType = sourcecode.c.h; path = ASIHTTPRequestConfig.h; sourceTree = "<group>"; };
		4630396218E91E300068D008 /* ASIHTTPRequestDelegate.h */ = {isa = PBXFileReference; fileEncoding = 4; lastKnownFileType = sourcecode.c.h; path = ASIHTTPRequestDelegate.h; sourceTree = "<group>"; };
		4630396318E91E300068D008 /* ASIInputStream.h */ = {isa = PBXFileReference; fileEncoding = 4; lastKnownFileType = sourcecode.c.h; path = ASIInputStream.h; sourceTree = "<group>"; };
		4630396418E91E300068D008 /* ASIInputStream.m */ = {isa = PBXFileReference; fileEncoding = 4; lastKnownFileType = sourcecode.c.objc; path = ASIInputStream.m; sourceTree = "<group>"; };
		4630396518E91E300068D008 /* ASINetworkQueue.h */ = {isa = PBXFileReference; fileEncoding = 4; lastKnownFileType = sourcecode.c.h; path = ASINetworkQueue.h; sourceTree = "<group>"; };
		4630396618E91E300068D008 /* ASINetworkQueue.m */ = {isa = PBXFileReference; fileEncoding = 4; lastKnownFileType = sourcecode.c.objc; path = ASINetworkQueue.m; sourceTree = "<group>"; };
		4630396718E91E300068D008 /* ASIProgressDelegate.h */ = {isa = PBXFileReference; fileEncoding = 4; lastKnownFileType = sourcecode.c.h; path = ASIProgressDelegate.h; sourceTree = "<group>"; };
		4630396A18E91E300068D008 /* Reachability.h */ = {isa = PBXFileReference; fileEncoding = 4; lastKnownFileType = sourcecode.c.h; path = Reachability.h; sourceTree = "<group>"; };
		4630396B18E91E300068D008 /* Reachability.m */ = {isa = PBXFileReference; fileEncoding = 4; lastKnownFileType = sourcecode.c.objc; path = Reachability.m; sourceTree = "<group>"; };
		4630397518E91E730068D008 /* CFNetwork.framework */ = {isa = PBXFileReference; lastKnownFileType = wrapper.framework; name = CFNetwork.framework; path = System/Library/Frameworks/CFNetwork.framework; sourceTree = SDKROOT; };
		4630397718E91E7F0068D008 /* SystemConfiguration.framework */ = {isa = PBXFileReference; lastKnownFileType = wrapper.framework; name = SystemConfiguration.framework; path = System/Library/Frameworks/SystemConfiguration.framework; sourceTree = SDKROOT; };
		4630397918E91E8A0068D008 /* MobileCoreServices.framework */ = {isa = PBXFileReference; lastKnownFileType = wrapper.framework; name = MobileCoreServices.framework; path = System/Library/Frameworks/MobileCoreServices.framework; sourceTree = SDKROOT; };
		4630397B18E91E970068D008 /* libz.1.2.5.dylib */ = {isa = PBXFileReference; lastKnownFileType = "compiled.mach-o.dylib"; name = libz.1.2.5.dylib; path = usr/lib/libz.1.2.5.dylib; sourceTree = SDKROOT; };
		4630397D18E936D90068D008 /* JSONKit.h */ = {isa = PBXFileReference; fileEncoding = 4; lastKnownFileType = sourcecode.c.h; name = JSONKit.h; path = "../../ALL OF mLearning/mLearning3.19/JSONKit.h"; sourceTree = "<group>"; };
		4630397E18E936D90068D008 /* JSONKit.m */ = {isa = PBXFileReference; fileEncoding = 4; lastKnownFileType = sourcecode.c.objc; name = JSONKit.m; path = "../../ALL OF mLearning/mLearning3.19/JSONKit.m"; sourceTree = "<group>"; };
		4630398018E93FFC0068D008 /* course_build.xml */ = {isa = PBXFileReference; fileEncoding = 4; lastKnownFileType = text.xml; name = course_build.xml; path = "../../ALL OF mLearning/mLearning3.19/course_build.xml"; sourceTree = "<group>"; };
		4630398218E966DF0068D008 /* RecordCell.h */ = {isa = PBXFileReference; fileEncoding = 4; lastKnownFileType = sourcecode.c.h; name = RecordCell.h; path = allofmLearning/RecordCell.h; sourceTree = "<group>"; };
		4630398318E966DF0068D008 /* RecordCell.m */ = {isa = PBXFileReference; fileEncoding = 4; lastKnownFileType = sourcecode.c.objc; name = RecordCell.m; path = allofmLearning/RecordCell.m; sourceTree = "<group>"; };
		4630398418E966DF0068D008 /* SectionCell.h */ = {isa = PBXFileReference; fileEncoding = 4; lastKnownFileType = sourcecode.c.h; name = SectionCell.h; path = allofmLearning/SectionCell.h; sourceTree = "<group>"; };
		4630398518E966DF0068D008 /* SectionCell.m */ = {isa = PBXFileReference; fileEncoding = 4; lastKnownFileType = sourcecode.c.objc; name = SectionCell.m; path = allofmLearning/SectionCell.m; sourceTree = "<group>"; };
		4630398818E966F50068D008 /* mLearning144.png */ = {isa = PBXFileReference; lastKnownFileType = image.png; path = mLearning144.png; sourceTree = "<group>"; };
		4630398918E966F50068D008 /* mLearning图标58.png */ = {isa = PBXFileReference; lastKnownFileType = image.png; path = "mLearning图标58.png"; sourceTree = "<group>"; };
		4630398A18E966F50068D008 /* mLearning图标120.png */ = {isa = PBXFileReference; lastKnownFileType = image.png; path = "mLearning图标120.png"; sourceTree = "<group>"; };
		4647B0F318E561E300D9EC8A /* mLearning.app */ = {isa = PBXFileReference; explicitFileType = wrapper.application; includeInIndex = 0; path = mLearning.app; sourceTree = BUILT_PRODUCTS_DIR; };
		4647B0F618E561E300D9EC8A /* Foundation.framework */ = {isa = PBXFileReference; lastKnownFileType = wrapper.framework; name = Foundation.framework; path = System/Library/Frameworks/Foundation.framework; sourceTree = SDKROOT; };
		4647B0F818E561E300D9EC8A /* CoreGraphics.framework */ = {isa = PBXFileReference; lastKnownFileType = wrapper.framework; name = CoreGraphics.framework; path = System/Library/Frameworks/CoreGraphics.framework; sourceTree = SDKROOT; };
		4647B0FA18E561E300D9EC8A /* UIKit.framework */ = {isa = PBXFileReference; lastKnownFileType = wrapper.framework; name = UIKit.framework; path = System/Library/Frameworks/UIKit.framework; sourceTree = SDKROOT; };
		4647B0FE18E561E300D9EC8A /* mLearning-Info.plist */ = {isa = PBXFileReference; lastKnownFileType = text.plist.xml; path = "mLearning-Info.plist"; sourceTree = "<group>"; };
		4647B10018E561E300D9EC8A /* en */ = {isa = PBXFileReference; lastKnownFileType = text.plist.strings; name = en; path = en.lproj/InfoPlist.strings; sourceTree = "<group>"; };
		4647B10218E561E300D9EC8A /* main.m */ = {isa = PBXFileReference; lastKnownFileType = sourcecode.c.objc; path = main.m; sourceTree = "<group>"; };
		4647B10418E561E300D9EC8A /* mLearning-Prefix.pch */ = {isa = PBXFileReference; lastKnownFileType = sourcecode.c.h; path = "mLearning-Prefix.pch"; sourceTree = "<group>"; };
		4647B10518E561E300D9EC8A /* AppDelegate.h */ = {isa = PBXFileReference; lastKnownFileType = sourcecode.c.h; path = AppDelegate.h; sourceTree = "<group>"; };
		4647B10618E561E300D9EC8A /* AppDelegate.m */ = {isa = PBXFileReference; lastKnownFileType = sourcecode.c.objc; path = AppDelegate.m; sourceTree = "<group>"; };
		4647B10818E561E300D9EC8A /* Images.xcassets */ = {isa = PBXFileReference; lastKnownFileType = folder.assetcatalog; path = Images.xcassets; sourceTree = "<group>"; };
		4647B10E18E561E300D9EC8A /* mLearningTests.xctest */ = {isa = PBXFileReference; explicitFileType = wrapper.cfbundle; includeInIndex = 0; path = mLearningTests.xctest; sourceTree = BUILT_PRODUCTS_DIR; };
		4647B10F18E561E300D9EC8A /* XCTest.framework */ = {isa = PBXFileReference; lastKnownFileType = wrapper.framework; name = XCTest.framework; path = Library/Frameworks/XCTest.framework; sourceTree = DEVELOPER_DIR; };
		4647B11718E561E300D9EC8A /* mLearningTests-Info.plist */ = {isa = PBXFileReference; lastKnownFileType = text.plist.xml; path = "mLearningTests-Info.plist"; sourceTree = "<group>"; };
		4647B11918E561E300D9EC8A /* en */ = {isa = PBXFileReference; lastKnownFileType = text.plist.strings; name = en; path = en.lproj/InfoPlist.strings; sourceTree = "<group>"; };
		4647B11B18E561E300D9EC8A /* mLearningTests.m */ = {isa = PBXFileReference; lastKnownFileType = sourcecode.c.objc; path = mLearningTests.m; sourceTree = "<group>"; };
		46517A2518E8F979000FCD7D /* SectionViewController.h */ = {isa = PBXFileReference; fileEncoding = 4; lastKnownFileType = sourcecode.c.h; name = SectionViewController.h; path = allofmLearning/SectionViewController.h; sourceTree = "<group>"; };
		46517A2618E8F979000FCD7D /* SectionViewController.m */ = {isa = PBXFileReference; fileEncoding = 4; lastKnownFileType = sourcecode.c.objc; name = SectionViewController.m; path = allofmLearning/SectionViewController.m; sourceTree = "<group>"; };
		46517A2818E8F993000FCD7D /* LearningRecordViewController.h */ = {isa = PBXFileReference; fileEncoding = 4; lastKnownFileType = sourcecode.c.h; name = LearningRecordViewController.h; path = allofmLearning/LearningRecordViewController.h; sourceTree = "<group>"; };
		46517A2918E8F993000FCD7D /* LearningRecordViewController.m */ = {isa = PBXFileReference; fileEncoding = 4; lastKnownFileType = sourcecode.c.objc; name = LearningRecordViewController.m; path = allofmLearning/LearningRecordViewController.m; sourceTree = "<group>"; };
/* End PBXFileReference section */

/* Begin PBXFrameworksBuildPhase section */
		4647B0F018E561E300D9EC8A /* Frameworks */ = {
			isa = PBXFrameworksBuildPhase;
			buildActionMask = 2147483647;
			files = (
				4630397C18E91E970068D008 /* libz.1.2.5.dylib in Frameworks */,
				4630397A18E91E8A0068D008 /* MobileCoreServices.framework in Frameworks */,
				4630397818E91E800068D008 /* SystemConfiguration.framework in Frameworks */,
				4630397618E91E730068D008 /* CFNetwork.framework in Frameworks */,
				4647B0F918E561E300D9EC8A /* CoreGraphics.framework in Frameworks */,
				4647B0FB18E561E300D9EC8A /* UIKit.framework in Frameworks */,
				4647B0F718E561E300D9EC8A /* Foundation.framework in Frameworks */,
			);
			runOnlyForDeploymentPostprocessing = 0;
		};
		4647B10B18E561E300D9EC8A /* Frameworks */ = {
			isa = PBXFrameworksBuildPhase;
			buildActionMask = 2147483647;
			files = (
				4647B11018E561E300D9EC8A /* XCTest.framework in Frameworks */,
				4647B11218E561E300D9EC8A /* UIKit.framework in Frameworks */,
				4647B11118E561E300D9EC8A /* Foundation.framework in Frameworks */,
			);
			runOnlyForDeploymentPostprocessing = 0;
		};
/* End PBXFrameworksBuildPhase section */

/* Begin PBXGroup section */
		4630393718E902410068D008 /* 界面切图 */ = {
			isa = PBXGroup;
			children = (
				4630398818E966F50068D008 /* mLearning144.png */,
				4630398918E966F50068D008 /* mLearning图标58.png */,
				4630398A18E966F50068D008 /* mLearning图标120.png */,
				4630393818E902410068D008 /* logo.png */,
				4630393918E902410068D008 /* more.png */,
				4630393A18E902410068D008 /* 学习记录.png */,
				4630393B18E902410068D008 /* 播放按钮.png */,
				4630393C18E902410068D008 /* 播放按钮按下.png */,
				4630393D18E902410068D008 /* 登录按钮.png */,
				4630393E18E902410068D008 /* 登录按钮按下.png */,
				4630393F18E902410068D008 /* 课程图片.png */,
				4630394018E902410068D008 /* 返回.png */,
			);
			path = "界面切图";
			sourceTree = "<group>";
		};
		4630395318E91E300068D008 /* ASIHttpRequest */ = {
			isa = PBXGroup;
			children = (
				4630395418E91E300068D008 /* ASIAuthenticationDialog.h */,
				4630395518E91E300068D008 /* ASIAuthenticationDialog.m */,
				4630395618E91E300068D008 /* ASICacheDelegate.h */,
				4630395718E91E300068D008 /* ASIDataCompressor.h */,
				4630395818E91E300068D008 /* ASIDataCompressor.m */,
				4630395918E91E300068D008 /* ASIDataDecompressor.h */,
				4630395A18E91E300068D008 /* ASIDataDecompressor.m */,
				4630395B18E91E300068D008 /* ASIDownloadCache.h */,
				4630395C18E91E300068D008 /* ASIDownloadCache.m */,
				4630395D18E91E300068D008 /* ASIFormDataRequest.h */,
				4630395E18E91E300068D008 /* ASIFormDataRequest.m */,
				4630395F18E91E300068D008 /* ASIHTTPRequest.h */,
				4630396018E91E300068D008 /* ASIHTTPRequest.m */,
				4630396118E91E300068D008 /* ASIHTTPRequestConfig.h */,
				4630396218E91E300068D008 /* ASIHTTPRequestDelegate.h */,
				4630396318E91E300068D008 /* ASIInputStream.h */,
				4630396418E91E300068D008 /* ASIInputStream.m */,
				4630396518E91E300068D008 /* ASINetworkQueue.h */,
				4630396618E91E300068D008 /* ASINetworkQueue.m */,
				4630396718E91E300068D008 /* ASIProgressDelegate.h */,
				4630396818E91E300068D008 /* ASIWebPageRequest */,
				4630396918E91E300068D008 /* Reachability */,
			);
			path = ASIHttpRequest;
			sourceTree = "<group>";
		};
		4630396818E91E300068D008 /* ASIWebPageRequest */ = {
			isa = PBXGroup;
			children = (
			);
			path = ASIWebPageRequest;
			sourceTree = "<group>";
		};
		4630396918E91E300068D008 /* Reachability */ = {
			isa = PBXGroup;
			children = (
				4630396A18E91E300068D008 /* Reachability.h */,
				4630396B18E91E300068D008 /* Reachability.m */,
			);
			path = Reachability;
			sourceTree = "<group>";
		};
		4647B0EA18E561E300D9EC8A = {
			isa = PBXGroup;
			children = (
				4630398018E93FFC0068D008 /* course_build.xml */,
				4647B18A18E5811500D9EC8A /* Picture */,
				4647B12818E5622300D9EC8A /* Three */,
				4647B12718E561FF00D9EC8A /* Model */,
				4647B12618E561FA00D9EC8A /* View */,
				4647B12518E561F700D9EC8A /* Controller */,
				4647B0FC18E561E300D9EC8A /* mLearning */,
				4647B11518E561E300D9EC8A /* mLearningTests */,
				4647B0F518E561E300D9EC8A /* Frameworks */,
				4647B0F418E561E300D9EC8A /* Products */,
			);
			sourceTree = "<group>";
		};
		4647B0F418E561E300D9EC8A /* Products */ = {
			isa = PBXGroup;
			children = (
				4647B0F318E561E300D9EC8A /* mLearning.app */,
				4647B10E18E561E300D9EC8A /* mLearningTests.xctest */,
			);
			name = Products;
			sourceTree = "<group>";
		};
		4647B0F518E561E300D9EC8A /* Frameworks */ = {
			isa = PBXGroup;
			children = (
				4630397B18E91E970068D008 /* libz.1.2.5.dylib */,
				4630397918E91E8A0068D008 /* MobileCoreServices.framework */,
				4630397718E91E7F0068D008 /* SystemConfiguration.framework */,
				4630397518E91E730068D008 /* CFNetwork.framework */,
				4647B0F618E561E300D9EC8A /* Foundation.framework */,
				4647B0F818E561E300D9EC8A /* CoreGraphics.framework */,
				4647B0FA18E561E300D9EC8A /* UIKit.framework */,
				4647B10F18E561E300D9EC8A /* XCTest.framework */,
			);
			name = Frameworks;
			sourceTree = "<group>";
		};
		4647B0FC18E561E300D9EC8A /* mLearning */ = {
			isa = PBXGroup;
			children = (
				4647B10518E561E300D9EC8A /* AppDelegate.h */,
				4647B10618E561E300D9EC8A /* AppDelegate.m */,
				4647B10818E561E300D9EC8A /* Images.xcassets */,
				4647B0FD18E561E300D9EC8A /* Supporting Files */,
			);
			path = mLearning;
			sourceTree = "<group>";
		};
		4647B0FD18E561E300D9EC8A /* Supporting Files */ = {
			isa = PBXGroup;
			children = (
				4647B0FE18E561E300D9EC8A /* mLearning-Info.plist */,
				4647B0FF18E561E300D9EC8A /* InfoPlist.strings */,
				4647B10218E561E300D9EC8A /* main.m */,
				4647B10418E561E300D9EC8A /* mLearning-Prefix.pch */,
			);
			name = "Supporting Files";
			sourceTree = "<group>";
		};
		4647B11518E561E300D9EC8A /* mLearningTests */ = {
			isa = PBXGroup;
			children = (
				4647B11B18E561E300D9EC8A /* mLearningTests.m */,
				4647B11618E561E300D9EC8A /* Supporting Files */,
			);
			path = mLearningTests;
			sourceTree = "<group>";
		};
		4647B11618E561E300D9EC8A /* Supporting Files */ = {
			isa = PBXGroup;
			children = (
				4647B11718E561E300D9EC8A /* mLearningTests-Info.plist */,
				4647B11818E561E300D9EC8A /* InfoPlist.strings */,
			);
			name = "Supporting Files";
			sourceTree = "<group>";
		};
		4647B12518E561F700D9EC8A /* Controller */ = {
			isa = PBXGroup;
			children = (
				4604157A18E8F70A004BEE3E /* LoginViewController.h */,
				4604157B18E8F70A004BEE3E /* LoginViewController.m */,
				4604157818E8F70A004BEE3E /* ListViewController.h */,
				4604157918E8F70A004BEE3E /* ListViewController.m */,
				46517A2518E8F979000FCD7D /* SectionViewController.h */,
				46517A2618E8F979000FCD7D /* SectionViewController.m */,
				46517A2818E8F993000FCD7D /* LearningRecordViewController.h */,
				46517A2918E8F993000FCD7D /* LearningRecordViewController.m */,
				4630394A18E9188E0068D008 /* DetailsViewController.h */,
				4630394B18E9188E0068D008 /* DetailsViewController.m */,
			);
			name = Controller;
			sourceTree = "<group>";
		};
		4647B12618E561FA00D9EC8A /* View */ = {
			isa = PBXGroup;
			children = (
				4630398218E966DF0068D008 /* RecordCell.h */,
				4630398318E966DF0068D008 /* RecordCell.m */,
				4630398418E966DF0068D008 /* SectionCell.h */,
				4630398518E966DF0068D008 /* SectionCell.m */,
			);
			name = View;
			sourceTree = "<group>";
		};
		4647B12718E561FF00D9EC8A /* Model */ = {
			isa = PBXGroup;
			children = (
				4604157518E8F6F8004BEE3E /* Ton.h */,
				4604157618E8F6F8004BEE3E /* Ton.m */,
			);
			name = Model;
			sourceTree = "<group>";
		};
		4647B12818E5622300D9EC8A /* Three */ = {
			isa = PBXGroup;
			children = (
				4630397D18E936D90068D008 /* JSONKit.h */,
				4630397E18E936D90068D008 /* JSONKit.m */,
				4630395318E91E300068D008 /* ASIHttpRequest */,
			);
			name = Three;
			sourceTree = "<group>";
		};
		4647B18A18E5811500D9EC8A /* Picture */ = {
			isa = PBXGroup;
			children = (
				4630393718E902410068D008 /* 界面切图 */,
			);
			name = Picture;
			sourceTree = "<group>";
		};
/* End PBXGroup section */

/* Begin PBXNativeTarget section */
		4647B0F218E561E300D9EC8A /* mLearning */ = {
			isa = PBXNativeTarget;
			buildConfigurationList = 4647B11F18E561E300D9EC8A /* Build configuration list for PBXNativeTarget "mLearning" */;
			buildPhases = (
				4647B0EF18E561E300D9EC8A /* Sources */,
				4647B0F018E561E300D9EC8A /* Frameworks */,
				4647B0F118E561E300D9EC8A /* Resources */,
			);
			buildRules = (
			);
			dependencies = (
			);
			name = mLearning;
			productName = mLearning;
			productReference = 4647B0F318E561E300D9EC8A /* mLearning.app */;
			productType = "com.apple.product-type.application";
		};
		4647B10D18E561E300D9EC8A /* mLearningTests */ = {
			isa = PBXNativeTarget;
			buildConfigurationList = 4647B12218E561E300D9EC8A /* Build configuration list for PBXNativeTarget "mLearningTests" */;
			buildPhases = (
				4647B10A18E561E300D9EC8A /* Sources */,
				4647B10B18E561E300D9EC8A /* Frameworks */,
				4647B10C18E561E300D9EC8A /* Resources */,
			);
			buildRules = (
			);
			dependencies = (
				4647B11418E561E300D9EC8A /* PBXTargetDependency */,
			);
			name = mLearningTests;
			productName = mLearningTests;
			productReference = 4647B10E18E561E300D9EC8A /* mLearningTests.xctest */;
			productType = "com.apple.product-type.bundle.unit-test";
		};
/* End PBXNativeTarget section */

/* Begin PBXProject section */
		4647B0EB18E561E300D9EC8A /* Project object */ = {
			isa = PBXProject;
			attributes = {
				LastUpgradeCheck = 0500;
				ORGANIZATIONNAME = "知金教育";
				TargetAttributes = {
					4647B10D18E561E300D9EC8A = {
						TestTargetID = 4647B0F218E561E300D9EC8A;
					};
				};
			};
			buildConfigurationList = 4647B0EE18E561E300D9EC8A /* Build configuration list for PBXProject "mLearning" */;
			compatibilityVersion = "Xcode 3.2";
			developmentRegion = English;
			hasScannedForEncodings = 0;
			knownRegions = (
				en,
			);
			mainGroup = 4647B0EA18E561E300D9EC8A;
			productRefGroup = 4647B0F418E561E300D9EC8A /* Products */;
			projectDirPath = "";
			projectRoot = "";
			targets = (
				4647B0F218E561E300D9EC8A /* mLearning */,
				4647B10D18E561E300D9EC8A /* mLearningTests */,
			);
		};
/* End PBXProject section */

/* Begin PBXResourcesBuildPhase section */
		4647B0F118E561E300D9EC8A /* Resources */ = {
			isa = PBXResourcesBuildPhase;
			buildActionMask = 2147483647;
			files = (
				4630394518E902410068D008 /* 播放按钮按下.png in Resources */,
				4630394818E902410068D008 /* 课程图片.png in Resources */,
				4630394618E902410068D008 /* 登录按钮.png in Resources */,
				4647B10118E561E300D9EC8A /* InfoPlist.strings in Resources */,
				4630394718E902410068D008 /* 登录按钮按下.png in Resources */,
				4630394418E902410068D008 /* 播放按钮.png in Resources */,
				4630394318E902410068D008 /* 学习记录.png in Resources */,
				4630394918E902410068D008 /* 返回.png in Resources */,
				4630398118E93FFC0068D008 /* course_build.xml in Resources */,
				4630398D18E966F50068D008 /* mLearning图标120.png in Resources */,
				4630394118E902410068D008 /* logo.png in Resources */,
				4647B10918E561E300D9EC8A /* Images.xcassets in Resources */,
				4630398B18E966F50068D008 /* mLearning144.png in Resources */,
				4630394218E902410068D008 /* more.png in Resources */,
				4630398C18E966F50068D008 /* mLearning图标58.png in Resources */,
			);
			runOnlyForDeploymentPostprocessing = 0;
		};
		4647B10C18E561E300D9EC8A /* Resources */ = {
			isa = PBXResourcesBuildPhase;
			buildActionMask = 2147483647;
			files = (
				4647B11A18E561E300D9EC8A /* InfoPlist.strings in Resources */,
			);
			runOnlyForDeploymentPostprocessing = 0;
		};
/* End PBXResourcesBuildPhase section */

/* Begin PBXSourcesBuildPhase section */
		4647B0EF18E561E300D9EC8A /* Sources */ = {
			isa = PBXSourcesBuildPhase;
			buildActionMask = 2147483647;
			files = (
				46517A2A18E8F993000FCD7D /* LearningRecordViewController.m in Sources */,
				4630397118E91E300068D008 /* ASIHTTPRequest.m in Sources */,
				4630397318E91E300068D008 /* ASINetworkQueue.m in Sources */,
				4630397218E91E300068D008 /* ASIInputStream.m in Sources */,
				4604157718E8F6F8004BEE3E /* Ton.m in Sources */,
				4630396E18E91E300068D008 /* ASIDataDecompressor.m in Sources */,
				4647B10718E561E300D9EC8A /* AppDelegate.m in Sources */,
				4604157C18E8F70A004BEE3E /* ListViewController.m in Sources */,
				4630396F18E91E300068D008 /* ASIDownloadCache.m in Sources */,
				4630397418E91E300068D008 /* Reachability.m in Sources */,
				4647B10318E561E300D9EC8A /* main.m in Sources */,
				4630398618E966DF0068D008 /* RecordCell.m in Sources */,
				4630396D18E91E300068D008 /* ASIDataCompressor.m in Sources */,
				4630398718E966DF0068D008 /* SectionCell.m in Sources */,
				4630397F18E936D90068D008 /* JSONKit.m in Sources */,
				4630397018E91E300068D008 /* ASIFormDataRequest.m in Sources */,
				46517A2718E8F979000FCD7D /* SectionViewController.m in Sources */,
				4604157D18E8F70A004BEE3E /* LoginViewController.m in Sources */,
				4630394C18E9188F0068D008 /* DetailsViewController.m in Sources */,
				4630396C18E91E300068D008 /* ASIAuthenticationDialog.m in Sources */,
			);
			runOnlyForDeploymentPostprocessing = 0;
		};
		4647B10A18E561E300D9EC8A /* Sources */ = {
			isa = PBXSourcesBuildPhase;
			buildActionMask = 2147483647;
			files = (
				4647B11C18E561E300D9EC8A /* mLearningTests.m in Sources */,
			);
			runOnlyForDeploymentPostprocessing = 0;
		};
/* End PBXSourcesBuildPhase section */

/* Begin PBXTargetDependency section */
		4647B11418E561E300D9EC8A /* PBXTargetDependency */ = {
			isa = PBXTargetDependency;
			target = 4647B0F218E561E300D9EC8A /* mLearning */;
			targetProxy = 4647B11318E561E300D9EC8A /* PBXContainerItemProxy */;
		};
/* End PBXTargetDependency section */

/* Begin PBXVariantGroup section */
		4647B0FF18E561E300D9EC8A /* InfoPlist.strings */ = {
			isa = PBXVariantGroup;
			children = (
				4647B10018E561E300D9EC8A /* en */,
			);
			name = InfoPlist.strings;
			sourceTree = "<group>";
		};
		4647B11818E561E300D9EC8A /* InfoPlist.strings */ = {
			isa = PBXVariantGroup;
			children = (
				4647B11918E561E300D9EC8A /* en */,
			);
			name = InfoPlist.strings;
			sourceTree = "<group>";
		};
/* End PBXVariantGroup section */

/* Begin XCBuildConfiguration section */
		4647B11D18E561E300D9EC8A /* Debug */ = {
			isa = XCBuildConfiguration;
			buildSettings = {
				ALWAYS_SEARCH_USER_PATHS = NO;
				ARCHS = "$(ARCHS_STANDARD_INCLUDING_64_BIT)";
				CLANG_CXX_LANGUAGE_STANDARD = "gnu++0x";
				CLANG_CXX_LIBRARY = "libc++";
				CLANG_ENABLE_MODULES = YES;
				CLANG_ENABLE_OBJC_ARC = YES;
				CLANG_WARN_BOOL_CONVERSION = YES;
				CLANG_WARN_CONSTANT_CONVERSION = YES;
				CLANG_WARN_DIRECT_OBJC_ISA_USAGE = YES_ERROR;
				CLANG_WARN_EMPTY_BODY = YES;
				CLANG_WARN_ENUM_CONVERSION = YES;
				CLANG_WARN_INT_CONVERSION = YES;
				CLANG_WARN_OBJC_ROOT_CLASS = YES_ERROR;
				CLANG_WARN__DUPLICATE_METHOD_MATCH = YES;
				"CODE_SIGN_IDENTITY[sdk=iphoneos*]" = "iPhone Developer";
				COPY_PHASE_STRIP = NO;
				GCC_C_LANGUAGE_STANDARD = gnu99;
				GCC_DYNAMIC_NO_PIC = NO;
				GCC_OPTIMIZATION_LEVEL = 0;
				GCC_PREPROCESSOR_DEFINITIONS = (
					"DEBUG=1",
					"$(inherited)",
				);
				GCC_SYMBOLS_PRIVATE_EXTERN = NO;
				GCC_WARN_64_TO_32_BIT_CONVERSION = YES;
				GCC_WARN_ABOUT_RETURN_TYPE = YES_ERROR;
				GCC_WARN_UNDECLARED_SELECTOR = YES;
				GCC_WARN_UNINITIALIZED_AUTOS = YES;
				GCC_WARN_UNUSED_FUNCTION = YES;
				GCC_WARN_UNUSED_VARIABLE = YES;
				IPHONEOS_DEPLOYMENT_TARGET = 7.0;
				ONLY_ACTIVE_ARCH = YES;
				SDKROOT = iphoneos;
				TARGETED_DEVICE_FAMILY = 2;
			};
			name = Debug;
		};
		4647B11E18E561E300D9EC8A /* Release */ = {
			isa = XCBuildConfiguration;
			buildSettings = {
				ALWAYS_SEARCH_USER_PATHS = NO;
				ARCHS = "$(ARCHS_STANDARD_INCLUDING_64_BIT)";
				CLANG_CXX_LANGUAGE_STANDARD = "gnu++0x";
				CLANG_CXX_LIBRARY = "libc++";
				CLANG_ENABLE_MODULES = YES;
				CLANG_ENABLE_OBJC_ARC = YES;
				CLANG_WARN_BOOL_CONVERSION = YES;
				CLANG_WARN_CONSTANT_CONVERSION = YES;
				CLANG_WARN_DIRECT_OBJC_ISA_USAGE = YES_ERROR;
				CLANG_WARN_EMPTY_BODY = YES;
				CLANG_WARN_ENUM_CONVERSION = YES;
				CLANG_WARN_INT_CONVERSION = YES;
				CLANG_WARN_OBJC_ROOT_CLASS = YES_ERROR;
				CLANG_WARN__DUPLICATE_METHOD_MATCH = YES;
				"CODE_SIGN_IDENTITY[sdk=iphoneos*]" = "iPhone Developer";
				COPY_PHASE_STRIP = YES;
				ENABLE_NS_ASSERTIONS = NO;
				GCC_C_LANGUAGE_STANDARD = gnu99;
				GCC_WARN_64_TO_32_BIT_CONVERSION = YES;
				GCC_WARN_ABOUT_RETURN_TYPE = YES_ERROR;
				GCC_WARN_UNDECLARED_SELECTOR = YES;
				GCC_WARN_UNINITIALIZED_AUTOS = YES;
				GCC_WARN_UNUSED_FUNCTION = YES;
				GCC_WARN_UNUSED_VARIABLE = YES;
				IPHONEOS_DEPLOYMENT_TARGET = 7.0;
				SDKROOT = iphoneos;
				TARGETED_DEVICE_FAMILY = 2;
				VALIDATE_PRODUCT = YES;
			};
			name = Release;
		};
		4647B12018E561E300D9EC8A /* Debug */ = {
			isa = XCBuildConfiguration;
			buildSettings = {
				ASSETCATALOG_COMPILER_APPICON_NAME = AppIcon;
				ASSETCATALOG_COMPILER_LAUNCHIMAGE_NAME = LaunchImage;
				GCC_PRECOMPILE_PREFIX_HEADER = YES;
				GCC_PREFIX_HEADER = "mLearning/mLearning-Prefix.pch";
				INFOPLIST_FILE = "mLearning/mLearning-Info.plist";
				IPHONEOS_DEPLOYMENT_TARGET = 6.0;
				PRODUCT_NAME = "$(TARGET_NAME)";
				WRAPPER_EXTENSION = app;
			};
			name = Debug;
		};
		4647B12118E561E300D9EC8A /* Release */ = {
			isa = XCBuildConfiguration;
			buildSettings = {
				ASSETCATALOG_COMPILER_APPICON_NAME = AppIcon;
				ASSETCATALOG_COMPILER_LAUNCHIMAGE_NAME = LaunchImage;
				GCC_PRECOMPILE_PREFIX_HEADER = YES;
				GCC_PREFIX_HEADER = "mLearning/mLearning-Prefix.pch";
				INFOPLIST_FILE = "mLearning/mLearning-Info.plist";
				IPHONEOS_DEPLOYMENT_TARGET = 6.0;
				PRODUCT_NAME = "$(TARGET_NAME)";
				WRAPPER_EXTENSION = app;
			};
			name = Release;
		};
		4647B12318E561E300D9EC8A /* Debug */ = {
			isa = XCBuildConfiguration;
			buildSettings = {
				ARCHS = "$(ARCHS_STANDARD_INCLUDING_64_BIT)";
				BUNDLE_LOADER = "$(BUILT_PRODUCTS_DIR)/mLearning.app/mLearning";
				FRAMEWORK_SEARCH_PATHS = (
					"$(SDKROOT)/Developer/Library/Frameworks",
					"$(inherited)",
					"$(DEVELOPER_FRAMEWORKS_DIR)",
				);
				GCC_PRECOMPILE_PREFIX_HEADER = YES;
				GCC_PREFIX_HEADER = "mLearning/mLearning-Prefix.pch";
				GCC_PREPROCESSOR_DEFINITIONS = (
					"DEBUG=1",
					"$(inherited)",
				);
				INFOPLIST_FILE = "mLearningTests/mLearningTests-Info.plist";
				PRODUCT_NAME = "$(TARGET_NAME)";
				TEST_HOST = "$(BUNDLE_LOADER)";
				WRAPPER_EXTENSION = xctest;
			};
			name = Debug;
		};
		4647B12418E561E300D9EC8A /* Release */ = {
			isa = XCBuildConfiguration;
			buildSettings = {
				ARCHS = "$(ARCHS_STANDARD_INCLUDING_64_BIT)";
				BUNDLE_LOADER = "$(BUILT_PRODUCTS_DIR)/mLearning.app/mLearning";
				FRAMEWORK_SEARCH_PATHS = (
					"$(SDKROOT)/Developer/Library/Frameworks",
					"$(inherited)",
					"$(DEVELOPER_FRAMEWORKS_DIR)",
				);
				GCC_PRECOMPILE_PREFIX_HEADER = YES;
				GCC_PREFIX_HEADER = "mLearning/mLearning-Prefix.pch";
				INFOPLIST_FILE = "mLearningTests/mLearningTests-Info.plist";
				PRODUCT_NAME = "$(TARGET_NAME)";
				TEST_HOST = "$(BUNDLE_LOADER)";
				WRAPPER_EXTENSION = xctest;
			};
			name = Release;
		};
/* End XCBuildConfiguration section */

/* Begin XCConfigurationList section */
		4647B0EE18E561E300D9EC8A /* Build configuration list for PBXProject "mLearning" */ = {
			isa = XCConfigurationList;
			buildConfigurations = (
				4647B11D18E561E300D9EC8A /* Debug */,
				4647B11E18E561E300D9EC8A /* Release */,
			);
			defaultConfigurationIsVisible = 0;
			defaultConfigurationName = Release;
		};
		4647B11F18E561E300D9EC8A /* Build configuration list for PBXNativeTarget "mLearning" */ = {
			isa = XCConfigurationList;
			buildConfigurations = (
				4647B12018E561E300D9EC8A /* Debug */,
				4647B12118E561E300D9EC8A /* Release */,
			);
			defaultConfigurationIsVisible = 0;
			defaultConfigurationName = Release;
		};
		4647B12218E561E300D9EC8A /* Build configuration list for PBXNativeTarget "mLearningTests" */ = {
			isa = XCConfigurationList;
			buildConfigurations = (
				4647B12318E561E300D9EC8A /* Debug */,
				4647B12418E561E300D9EC8A /* Release */,
			);
			defaultConfigurationIsVisible = 0;
			defaultConfigurationName = Release;
		};
/* End XCConfigurationList section */
	};
	rootObject = 4647B0EB18E561E300D9EC8A /* Project object */;
}
